
Microsoft Visual Studio Solution File, Format Version 12.00
# Visual Studio Version 17
VisualStudioVersion = 17.13.35806.99 d17.13
MinimumVisualStudioVersion = 10.0.40219.1
Project("{FAE04EC0-301F-11D3-BF4B-00C04F79EFBC}") = "INF370Test", "INF370Test\INF370Test.csproj", "{162542E8-F4FB-485D-ACCF-6C0AD69B8308}"
EndProject
Global
	GlobalSection(SolutionConfigurationPlatforms) = preSolution
		Debug|Any CPU = Debug|Any CPU
		Release|Any CPU = Release|Any CPU
	EndGlobalSection
	GlobalSection(ProjectConfigurationPlatforms) = postSolution
		{162542E8-F4FB-485D-ACCF-6C0AD69B8308}.Debug|Any CPU.ActiveCfg = Debug|Any CPU
		{162542E8-F4FB-485D-ACCF-6C0AD69B8308}.Debug|Any CPU.Build.0 = Debug|Any CPU
		{162542E8-F4FB-485D-ACCF-6C0AD69B8308}.Release|Any CPU.ActiveCfg = Release|Any CPU
		{162542E8-F4FB-485D-ACCF-6C0AD69B8308}.Release|Any CPU.Build.0 = Release|Any CPU
	EndGlobalSection
	GlobalSection(SolutionProperties) = preSolution
		HideSolutionNode = FALSE
	EndGlobalSection
	GlobalSection(ExtensibilityGlobals) = postSolution
		SolutionGuid = {85D64825-0818-44CB-93EF-BE35FFC063E3}
	EndGlobalSection
EndGlobal
